
Microsoft Visual Studio Solution File, Format Version 12.00
# Visual Studio 15
VisualStudioVersion = 15.0.27703.2047
MinimumVisualStudioVersion = 10.0.40219.1
Project("{FAE04EC0-301F-11D3-BF4B-00C04F79EFBC}") = "HealthProfile", "HealthProfile\HealthProfile.csproj", "{A7A125DC-09BD-4F41-9A87-90BB3689B470}"
EndProject
Global
	GlobalSection(SolutionConfigurationPlatforms) = preSolution
		Debug|Any CPU = Debug|Any CPU
		Release|Any CPU = Release|Any CPU
	EndGlobalSection
	GlobalSection(ProjectConfigurationPlatforms) = postSolution
		{A7A125DC-09BD-4F41-9A87-90BB3689B470}.Debug|Any CPU.ActiveCfg = Debug|Any CPU
		{A7A125DC-09BD-4F41-9A87-90BB3689B470}.Debug|Any CPU.Build.0 = Debug|Any CPU
		{A7A125DC-09BD-4F41-9A87-90BB3689B470}.Release|Any CPU.ActiveCfg = Release|Any CPU
		{A7A125DC-09BD-4F41-9A87-90BB3689B470}.Release|Any CPU.Build.0 = Release|Any CPU
	EndGlobalSection
	GlobalSection(SolutionProperties) = preSolution
		HideSolutionNode = FALSE
	EndGlobalSection
	GlobalSection(ExtensibilityGlobals) = postSolution
		SolutionGuid = {6E892DEE-E28E-4F91-B885-90523362F55B}
	EndGlobalSection
EndGlobal
